#MicroXplorer Configuration settings - do not modify
CAN.CalculateTimeQuantum=333.3333333333333
CAN.IPParameters=CalculateTimeQuantum
FREERTOS.IPParameters=Tasks01
FREERTOS.Tasks01=defaultTask,0,128,StartDefaultTask,Default,NULL,Dynamic,NULL,NULL
File.Version=6
GPIO.groupedBy=Group By Peripherals
KeepUserPlacement=false
Mcu.Family=STM32F0
Mcu.IP0=CAN
Mcu.IP1=FREERTOS
Mcu.IP2=NVIC
Mcu.IP3=RCC
Mcu.IP4=SPI1
Mcu.IP5=SYS
Mcu.IP6=USART1
Mcu.IPNb=7
Mcu.Name=STM32F072V(8-B)Tx
Mcu.Package=LQFP100
Mcu.Pin0=PE2
Mcu.Pin1=PE3
Mcu.Pin10=PC1
Mcu.Pin11=PF2
Mcu.Pin12=PF3
Mcu.Pin13=PA0
Mcu.Pin14=PA1
Mcu.Pin15=PA2
Mcu.Pin16=PA3
Mcu.Pin17=PA4
Mcu.Pin18=PA5
Mcu.Pin19=PA6
Mcu.Pin2=PE4
Mcu.Pin20=PA7
Mcu.Pin21=PC4
Mcu.Pin22=PC5
Mcu.Pin23=PB0
Mcu.Pin24=PB1
Mcu.Pin25=PB2
Mcu.Pin26=PE7
Mcu.Pin27=PE8
Mcu.Pin28=PE9
Mcu.Pin29=PE10
Mcu.Pin3=PE5
Mcu.Pin30=PE11
Mcu.Pin31=PE12
Mcu.Pin32=PE13
Mcu.Pin33=PE14
Mcu.Pin34=PE15
Mcu.Pin35=PB10
Mcu.Pin36=PB11
Mcu.Pin37=PB12
Mcu.Pin38=PB13
Mcu.Pin39=PB14
Mcu.Pin4=PE6
Mcu.Pin40=PB15
Mcu.Pin41=PD8
Mcu.Pin42=PD9
Mcu.Pin43=PD10
Mcu.Pin44=PD11
Mcu.Pin45=PD12
Mcu.Pin46=PD13
Mcu.Pin47=PD14
Mcu.Pin48=PD15
Mcu.Pin49=PC6
Mcu.Pin5=PF9
Mcu.Pin50=PC7
Mcu.Pin51=PC8
Mcu.Pin52=PC9
Mcu.Pin53=PA8
Mcu.Pin54=PA9
Mcu.Pin55=PA10
Mcu.Pin56=PA11
Mcu.Pin57=PA12
Mcu.Pin58=PA13
Mcu.Pin59=PF6
Mcu.Pin6=PF10
Mcu.Pin60=PA14
Mcu.Pin61=PA15
Mcu.Pin62=PC10
Mcu.Pin63=PC11
Mcu.Pin64=PC12
Mcu.Pin65=PD0
Mcu.Pin66=PD1
Mcu.Pin67=PD2
Mcu.Pin68=PD3
Mcu.Pin69=PD4
Mcu.Pin7=PF0-OSC_IN
Mcu.Pin70=PD5
Mcu.Pin71=PD6
Mcu.Pin72=PD7
Mcu.Pin73=PB3
Mcu.Pin74=PB4
Mcu.Pin75=PB5
Mcu.Pin76=PB6
Mcu.Pin77=PB7
Mcu.Pin78=VP_FREERTOS_VS_CMSIS_V1
Mcu.Pin79=VP_SYS_VS_tim6
Mcu.Pin8=PF1-OSC_OUT
Mcu.Pin9=PC0
Mcu.PinsNb=80
Mcu.ThirdPartyNb=0
Mcu.UserConstants=
Mcu.UserName=STM32F072V8Tx
MxCube.Version=5.2.1
MxDb.Version=DB.5.0.21
NVIC.ForceEnableDMAVector=true
NVIC.HardFault_IRQn=true\:0\:0\:false\:false\:true\:false\:false\:false
NVIC.NonMaskableInt_IRQn=true\:0\:0\:false\:false\:true\:false\:false\:false
NVIC.PendSV_IRQn=true\:3\:0\:false\:false\:false\:true\:false\:false
NVIC.SVC_IRQn=true\:0\:0\:false\:false\:false\:false\:false\:false
NVIC.SysTick_IRQn=true\:3\:0\:false\:false\:false\:true\:false\:false
NVIC.TIM6_DAC_IRQn=true\:0\:0\:false\:false\:true\:false\:false\:true
NVIC.TimeBase=TIM6_DAC_IRQn
NVIC.TimeBaseIP=TIM6
PA0.GPIOParameters=GPIO_Label
PA0.GPIO_Label=SW_3
PA0.Locked=true
PA0.Signal=GPIO_Input
PA1.GPIOParameters=GPIO_Label
PA1.GPIO_Label=SW_2
PA1.Locked=true
PA1.Signal=GPIO_Input
PA10.Mode=Asynchronous
PA10.Signal=USART1_RX
PA11.Mode=Master
PA11.Signal=CAN_RX
PA12.Mode=Master
PA12.Signal=CAN_TX
PA13.Mode=Serial_Wire
PA13.Signal=SYS_SWDIO
PA14.Mode=Serial_Wire
PA14.Signal=SYS_SWCLK
PA15.GPIOParameters=GPIO_Label
PA15.GPIO_Label=M3_Bs
PA15.Locked=true
PA15.Signal=GPIO_Output
PA2.GPIOParameters=GPIO_Label
PA2.GPIO_Label=SW_1
PA2.Locked=true
PA2.Signal=GPIO_Input
PA3.GPIOParameters=GPIO_Label
PA3.GPIO_Label=SW_0
PA3.Locked=true
PA3.Signal=GPIO_Input
PA4.Mode=NSS_Signal_Hard_Input
PA4.Signal=SPI1_NSS
PA5.Mode=Full_Duplex_Master
PA5.Signal=SPI1_SCK
PA6.Mode=Full_Duplex_Master
PA6.Signal=SPI1_MISO
PA7.Mode=Full_Duplex_Master
PA7.Signal=SPI1_MOSI
PA8.GPIOParameters=GPIO_Label
PA8.GPIO_Label=M2_Cm
PA8.Locked=true
PA8.Signal=GPIO_Output
PA9.Mode=Asynchronous
PA9.Signal=USART1_TX
PB0.GPIOParameters=GPIO_Label
PB0.GPIO_Label=LED_3
PB0.Locked=true
PB0.Signal=GPIO_Output
PB1.GPIOParameters=GPIO_Label
PB1.GPIO_Label=LED_2
PB1.Locked=true
PB1.Signal=GPIO_Output
PB10.GPIOParameters=GPIO_Label
PB10.GPIO_Label=LED_1
PB10.Locked=true
PB10.Signal=GPIO_Output
PB11.GPIOParameters=GPIO_Label
PB11.GPIO_Label=M1_As
PB11.Locked=true
PB11.Signal=GPIO_Output
PB12.GPIOParameters=GPIO_Label
PB12.GPIO_Label=M1_Bs
PB12.Locked=true
PB12.Signal=GPIO_Output
PB13.GPIOParameters=GPIO_Label
PB13.GPIO_Label=M1_Cs
PB13.Locked=true
PB13.Signal=GPIO_Output
PB14.GPIOParameters=GPIO_Label
PB14.GPIO_Label=M1_Am
PB14.Locked=true
PB14.Signal=GPIO_Output
PB15.GPIOParameters=GPIO_Label
PB15.GPIO_Label=M1_Bm
PB15.Locked=true
PB15.Signal=GPIO_Output
PB2.GPIOParameters=GPIO_Label
PB2.GPIO_Label=M4_Am
PB2.Locked=true
PB2.Signal=GPIO_Output
PB3.GPIOParameters=GPIO_Label
PB3.GPIO_Label=M6_Bh
PB3.Locked=true
PB3.Signal=GPIO_Output
PB4.GPIOParameters=GPIO_Label
PB4.GPIO_Label=M6_Ch
PB4.Locked=true
PB4.Signal=GPIO_Output
PB5.GPIOParameters=GPIO_Label
PB5.GPIO_Label=M6_As
PB5.Locked=true
PB5.Signal=GPIO_Output
PB6.GPIOParameters=GPIO_Label
PB6.GPIO_Label=M6_Bs
PB6.Locked=true
PB6.Signal=GPIO_Output
PB7.GPIOParameters=GPIO_Label
PB7.GPIO_Label=M6_Cs
PB7.Locked=true
PB7.Signal=GPIO_Output
PC0.GPIOParameters=GPIO_Label
PC0.GPIO_Label=M5_Bm
PC0.Locked=true
PC0.Signal=GPIO_Output
PC1.GPIOParameters=GPIO_Label
PC1.GPIO_Label=M5_Cm
PC1.Locked=true
PC1.Signal=GPIO_Output
PC10.GPIOParameters=GPIO_Label
PC10.GPIO_Label=M3_Cs
PC10.Locked=true
PC10.Signal=GPIO_Output
PC11.GPIOParameters=GPIO_Label
PC11.GPIO_Label=M3_Ah
PC11.Locked=true
PC11.Signal=GPIO_Output
PC12.GPIOParameters=GPIO_Label
PC12.GPIO_Label=M3_Bh
PC12.Locked=true
PC12.Signal=GPIO_Output
PC4.GPIOParameters=GPIO_Label
PC4.GPIO_Label=LED_6
PC4.Locked=true
PC4.Signal=GPIO_Output
PC5.GPIOParameters=GPIO_Label
PC5.GPIO_Label=LED_5
PC5.Locked=true
PC5.Signal=GPIO_Output
PC6.GPIOParameters=GPIO_Label
PC6.GPIO_Label=M2_Bh
PC6.Locked=true
PC6.Signal=GPIO_Output
PC7.GPIOParameters=GPIO_Label
PC7.GPIO_Label=M2_Ch
PC7.Locked=true
PC7.Signal=GPIO_Output
PC8.GPIOParameters=GPIO_Label
PC8.GPIO_Label=M2_Am
PC8.Locked=true
PC8.Signal=GPIO_Output
PC9.GPIOParameters=GPIO_Label
PC9.GPIO_Label=M2_Bm
PC9.Locked=true
PC9.Signal=GPIO_Output
PD0.GPIOParameters=GPIO_Label
PD0.GPIO_Label=M3_Ch
PD0.Locked=true
PD0.Signal=GPIO_Output
PD1.GPIOParameters=GPIO_Label
PD1.GPIO_Label=M3_Am
PD1.Locked=true
PD1.Signal=GPIO_Output
PD10.GPIOParameters=GPIO_Label
PD10.GPIO_Label=M1_Bh
PD10.Locked=true
PD10.Signal=GPIO_Output
PD11.GPIOParameters=GPIO_Label
PD11.GPIO_Label=M1_Ch
PD11.Locked=true
PD11.Signal=GPIO_Output
PD12.GPIOParameters=GPIO_Label
PD12.GPIO_Label=M2_As
PD12.Locked=true
PD12.Signal=GPIO_Output
PD13.GPIOParameters=GPIO_Label
PD13.GPIO_Label=M2_Bs
PD13.Locked=true
PD13.Signal=GPIO_Output
PD14.GPIOParameters=GPIO_Label
PD14.GPIO_Label=M2_Cs
PD14.Locked=true
PD14.Signal=GPIO_Output
PD15.GPIOParameters=GPIO_Label
PD15.GPIO_Label=M2_Ah
PD15.Locked=true
PD15.Signal=GPIO_Output
PD2.GPIOParameters=GPIO_Label
PD2.GPIO_Label=M3_Bm
PD2.Locked=true
PD2.Signal=GPIO_Output
PD3.GPIOParameters=GPIO_Label
PD3.GPIO_Label=M3_Cm
PD3.Locked=true
PD3.Signal=GPIO_Output
PD4.GPIOParameters=GPIO_Label
PD4.GPIO_Label=M6_Am
PD4.Locked=true
PD4.Signal=GPIO_Output
PD5.GPIOParameters=GPIO_Label
PD5.GPIO_Label=M6_Bm
PD5.Locked=true
PD5.Signal=GPIO_Output
PD6.GPIOParameters=GPIO_Label
PD6.GPIO_Label=M6_Cm
PD6.Locked=true
PD6.Signal=GPIO_Output
PD7.GPIOParameters=GPIO_Label
PD7.GPIO_Label=M6_Ah
PD7.Locked=true
PD7.Signal=GPIO_Output
PD8.GPIOParameters=GPIO_Label
PD8.GPIO_Label=M1_Cm
PD8.Locked=true
PD8.Signal=GPIO_Output
PD9.GPIOParameters=GPIO_Label
PD9.GPIO_Label=M1_Ah
PD9.Locked=true
PD9.Signal=GPIO_Output
PE10.GPIOParameters=GPIO_Label
PE10.GPIO_Label=M4_Bh
PE10.Locked=true
PE10.Signal=GPIO_Output
PE11.GPIOParameters=GPIO_Label
PE11.GPIO_Label=M4_Ch
PE11.Locked=true
PE11.Signal=GPIO_Output
PE12.GPIOParameters=GPIO_Label
PE12.GPIO_Label=M4_As
PE12.Locked=true
PE12.Signal=GPIO_Output
PE13.GPIOParameters=GPIO_Label
PE13.GPIO_Label=M4_Bs
PE13.Locked=true
PE13.Signal=GPIO_Output
PE14.GPIOParameters=GPIO_Label
PE14.GPIO_Label=M4_Cs
PE14.Locked=true
PE14.Signal=GPIO_Output
PE15.GPIOParameters=GPIO_Label
PE15.GPIO_Label=LED_4
PE15.Locked=true
PE15.Signal=GPIO_Output
PE2.GPIOParameters=GPIO_Label
PE2.GPIO_Label=M5_As
PE2.Locked=true
PE2.Signal=GPIO_Output
PE3.GPIOParameters=GPIO_Label
PE3.GPIO_Label=M5_Bs
PE3.Locked=true
PE3.Signal=GPIO_Output
PE4.GPIOParameters=GPIO_Label
PE4.GPIO_Label=M5_Cs
PE4.Locked=true
PE4.Signal=GPIO_Output
PE5.GPIOParameters=GPIO_Label
PE5.GPIO_Label=M5_Ah
PE5.Locked=true
PE5.Signal=GPIO_Output
PE6.GPIOParameters=GPIO_Label
PE6.GPIO_Label=M5_Bh
PE6.Locked=true
PE6.Signal=GPIO_Output
PE7.GPIOParameters=GPIO_Label
PE7.GPIO_Label=M4_Bm
PE7.Locked=true
PE7.Signal=GPIO_Output
PE8.GPIOParameters=GPIO_Label
PE8.GPIO_Label=M4_Cm
PE8.Locked=true
PE8.Signal=GPIO_Output
PE9.GPIOParameters=GPIO_Label
PE9.GPIO_Label=M4_Ah
PE9.Locked=true
PE9.Signal=GPIO_Output
PF0-OSC_IN.Mode=HSE-External-Oscillator
PF0-OSC_IN.Signal=RCC_OSC_IN
PF1-OSC_OUT.Mode=HSE-External-Oscillator
PF1-OSC_OUT.Signal=RCC_OSC_OUT
PF10.GPIOParameters=GPIO_Label
PF10.GPIO_Label=M5_Am
PF10.Locked=true
PF10.Signal=GPIO_Output
PF2.GPIOParameters=GPIO_Label
PF2.GPIO_Label=STBY
PF2.Locked=true
PF2.Signal=GPIO_Output
PF3.GPIOParameters=GPIO_Label
PF3.GPIO_Label=SW_4
PF3.Locked=true
PF3.Signal=GPIO_Input
PF6.GPIOParameters=GPIO_Label
PF6.GPIO_Label=M3_As
PF6.Locked=true
PF6.Signal=GPIO_Output
PF9.GPIOParameters=GPIO_Label
PF9.GPIO_Label=M5_Ch
PF9.Locked=true
PF9.Signal=GPIO_Output
PinOutPanel.RotationAngle=0
ProjectManager.AskForMigrate=false
ProjectManager.BackupPrevious=false
ProjectManager.CompilerOptimize=6
ProjectManager.ComputerToolchain=false
ProjectManager.CoupleFile=false
ProjectManager.CustomerFirmwarePackage=
ProjectManager.DefaultFWLocation=true
ProjectManager.DeletePrevious=true
ProjectManager.DeviceId=STM32F072V8Tx
ProjectManager.FirmwarePackage=STM32Cube FW_F0 V1.10.1
ProjectManager.FreePins=false
ProjectManager.HalAssertFull=false
ProjectManager.HeapSize=0x200
ProjectManager.KeepUserCode=true
ProjectManager.LastFirmware=true
ProjectManager.LibraryCopy=1
ProjectManager.MainLocation=Core/Src
ProjectManager.NoMain=false
ProjectManager.PreviousToolchain=STM32CubeIDE
ProjectManager.ProjectBuild=false
ProjectManager.ProjectFileName=HypnosiaControllerSTM32.ioc
ProjectManager.ProjectName=HypnosiaControllerSTM32
ProjectManager.StackSize=0x400
ProjectManager.TargetToolchain=STM32CubeIDE
ProjectManager.ToolChainLocation=
ProjectManager.UnderRoot=true
ProjectManager.functionlistsort=1-MX_GPIO_Init-GPIO-false-HAL-true,2-SystemClock_Config-RCC-false-HAL-false,3-MX_CAN_Init-CAN-false-HAL-true,4-MX_SPI1_Init-SPI1-false-HAL-true,5-MX_USART1_UART_Init-USART1-false-HAL-true
RCC.AHBFreq_Value=48000000
RCC.APB1Freq_Value=48000000
RCC.APB1TimFreq_Value=48000000
RCC.CECFreq_Value=32786.88524590164
RCC.FCLKCortexFreq_Value=48000000
RCC.FamilyName=M
RCC.HCLKFreq_Value=48000000
RCC.HSE_VALUE=16000000
RCC.HSICECFreq_Value=32786.88524590164
RCC.I2SFreq_Value=48000000
RCC.IPParameters=AHBFreq_Value,APB1Freq_Value,APB1TimFreq_Value,CECFreq_Value,FCLKCortexFreq_Value,FamilyName,HCLKFreq_Value,HSE_VALUE,HSICECFreq_Value,I2SFreq_Value,MCOFreq_Value,PLLCLKFreq_Value,PLLMCOFreq_Value,PLLMUL,PLLSourceVirtual,SYSCLKFreq_VALUE,SYSCLKSource,TimSysFreq_Value,USART1Freq_Value,USART2Freq_Value,VCOOutput2Freq_Value
RCC.MCOFreq_Value=48000000
RCC.PLLCLKFreq_Value=48000000
RCC.PLLMCOFreq_Value=48000000
RCC.PLLMUL=RCC_PLL_MUL3
RCC.PLLSourceVirtual=RCC_PLLSOURCE_HSE
RCC.SYSCLKFreq_VALUE=48000000
RCC.SYSCLKSource=RCC_SYSCLKSOURCE_PLLCLK
RCC.TimSysFreq_Value=48000000
RCC.USART1Freq_Value=48000000
RCC.USART2Freq_Value=48000000
RCC.VCOOutput2Freq_Value=16000000
SPI1.BaudRatePrescaler=SPI_BAUDRATEPRESCALER_8
SPI1.CalculateBaudRate=6.0 MBits/s
SPI1.DataSize=SPI_DATASIZE_8BIT
SPI1.Direction=SPI_DIRECTION_2LINES
SPI1.IPParameters=VirtualType,Mode,Direction,CalculateBaudRate,VirtualNSS,BaudRatePrescaler,DataSize
SPI1.Mode=SPI_MODE_MASTER
SPI1.VirtualNSS=VM_NSSHARD
SPI1.VirtualType=VM_MASTER
USART1.IPParameters=VirtualMode-Asynchronous
USART1.VirtualMode-Asynchronous=VM_ASYNC
VP_FREERTOS_VS_CMSIS_V1.Mode=CMSIS_V1
VP_FREERTOS_VS_CMSIS_V1.Signal=FREERTOS_VS_CMSIS_V1
VP_SYS_VS_tim6.Mode=TIM6
VP_SYS_VS_tim6.Signal=SYS_VS_tim6
board=custom
isbadioc=false
